<?xml version="1.0" encoding="utf-8"?>
<Project ToolsVersion="15.0" xmlns="http://schemas.microsoft.com/developer/msbuild/2003">
  <ItemGroup>
    <ClCompile Include="D:\GITHUB\LearnOpenGL\src\4.advanced_opengl\5.1.framebuffers\framebuffers.cpp">
      <Filter>Source Files</Filter>
    </ClCompile>
  </ItemGroup>
  <ItemGroup>
    <CustomBuild Include="D:\GITHUB\LearnOpenGL\CMakeLists.txt" />
  </ItemGroup>
  <ItemGroup>
    <None Include="D:\GITHUB\LearnOpenGL\src\4.advanced_opengl\5.1.framebuffers\5.1.framebuffers.fs" />
    <None Include="D:\GITHUB\LearnOpenGL\src\4.advanced_opengl\5.1.framebuffers\5.1.framebuffers.vs" />
    <None Include="D:\GITHUB\LearnOpenGL\src\4.advanced_opengl\5.1.framebuffers\5.1.framebuffers_screen.fs" />
    <None Include="D:\GITHUB\LearnOpenGL\src\4.advanced_opengl\5.1.framebuffers\5.1.framebuffers_screen.vs" />
  </ItemGroup>
  <ItemGroup>
    <Filter Include="Source Files">
      <UniqueIdentifier>{1DFCD7A5-1F4A-3F42-B97A-AAD111E1DC1B}</UniqueIdentifier>
    </Filter>
  </ItemGroup>
</Project>
