<?xml version="1.0" encoding="utf-8"?>
<Project ToolsVersion="15.0" xmlns="http://schemas.microsoft.com/developer/msbuild/2003">
  <ItemGroup>
    <ClCompile Include="D:\GITHUB\LearnOpenGL\src\5.advanced_lighting\5.3.parallax_occlusion_mapping\parallax_occlusion_mapping.cpp">
      <Filter>Source Files</Filter>
    </ClCompile>
  </ItemGroup>
  <ItemGroup>
    <CustomBuild Include="D:\GITHUB\LearnOpenGL\CMakeLists.txt" />
  </ItemGroup>
  <ItemGroup>
    <None Include="D:\GITHUB\LearnOpenGL\src\5.advanced_lighting\5.3.parallax_occlusion_mapping\5.3.parallax_mapping.fs" />
    <None Include="D:\GITHUB\LearnOpenGL\src\5.advanced_lighting\5.3.parallax_occlusion_mapping\5.3.parallax_mapping.vs" />
  </ItemGroup>
  <ItemGroup>
    <Filter Include="Source Files">
      <UniqueIdentifier>{1DFCD7A5-1F4A-3F42-B97A-AAD111E1DC1B}</UniqueIdentifier>
    </Filter>
  </ItemGroup>
</Project>
