<?xml version="1.0" encoding="utf-8"?>
<Project ToolsVersion="15.0" xmlns="http://schemas.microsoft.com/developer/msbuild/2003">
  <ItemGroup>
    <CustomBuild Include="D:\GITHUB\LearnOpenGL\vs2017\CMakeFiles\7c8e68ff7315177979861bf358a8d0e8\generate.stamp.rule">
      <Filter>CMake Rules</Filter>
    </CustomBuild>
  </ItemGroup>
  <ItemGroup>
    <Filter Include="CMake Rules">
      <UniqueIdentifier>{C6225BF1-09E4-3562-94CB-E135E6444ECE}</UniqueIdentifier>
    </Filter>
  </ItemGroup>
</Project>
